
Microsoft Visual Studio Solution File, Format Version 12.00
# Visual Studio 15
VisualStudioVersion = 15.0.28307.102
MinimumVisualStudioVersion = 10.0.40219.1
Project("{FAE04EC0-301F-11D3-BF4B-00C04F79EFBC}") = "VulnerabilitiesApp", "VulnerabilitiesApp\VulnerabilitiesApp.csproj", "{E5318E88-2B77-42EF-A3D1-8DAC752C770B}"
EndProject
Global
	GlobalSection(SolutionConfigurationPlatforms) = preSolution
		Debug|Any CPU = Debug|Any CPU
		Release|Any CPU = Release|Any CPU
	EndGlobalSection
	GlobalSection(ProjectConfigurationPlatforms) = postSolution
		{E5318E88-2B77-42EF-A3D1-8DAC752C770B}.Debug|Any CPU.ActiveCfg = Debug|Any CPU
		{E5318E88-2B77-42EF-A3D1-8DAC752C770B}.Debug|Any CPU.Build.0 = Debug|Any CPU
		{E5318E88-2B77-42EF-A3D1-8DAC752C770B}.Release|Any CPU.ActiveCfg = Release|Any CPU
		{E5318E88-2B77-42EF-A3D1-8DAC752C770B}.Release|Any CPU.Build.0 = Release|Any CPU
	EndGlobalSection
	GlobalSection(SolutionProperties) = preSolution
		HideSolutionNode = FALSE
	EndGlobalSection
	GlobalSection(ExtensibilityGlobals) = postSolution
		SolutionGuid = {9EA0C25B-E7F2-4C0C-83B7-32A5FD7C066D}
	EndGlobalSection
EndGlobal
